
Microsoft Visual Studio Solution File, Format Version 12.00
# Visual Studio Version 17
VisualStudioVersion = 17.7.34031.279
MinimumVisualStudioVersion = 10.0.40219.1
Project("{8BC9CEB8-8B4A-11D0-8D11-00A0C91BC942}") = "05-01", "05-01\05-01.vcxproj", "{C81EA1B3-5083-4F0C-BA1B-3F13618FDBED}"
EndProject
Global
	GlobalSection(SolutionConfigurationPlatforms) = preSolution
		Debug|x64 = Debug|x64
		Debug|x86 = Debug|x86
		Release|x64 = Release|x64
		Release|x86 = Release|x86
	EndGlobalSection
	GlobalSection(ProjectConfigurationPlatforms) = postSolution
		{C81EA1B3-5083-4F0C-BA1B-3F13618FDBED}.Debug|x64.ActiveCfg = Debug|x64
		{C81EA1B3-5083-4F0C-BA1B-3F13618FDBED}.Debug|x64.Build.0 = Debug|x64
		{C81EA1B3-5083-4F0C-BA1B-3F13618FDBED}.Debug|x86.ActiveCfg = Debug|Win32
		{C81EA1B3-5083-4F0C-BA1B-3F13618FDBED}.Debug|x86.Build.0 = Debug|Win32
		{C81EA1B3-5083-4F0C-BA1B-3F13618FDBED}.Release|x64.ActiveCfg = Release|x64
		{C81EA1B3-5083-4F0C-BA1B-3F13618FDBED}.Release|x64.Build.0 = Release|x64
		{C81EA1B3-5083-4F0C-BA1B-3F13618FDBED}.Release|x86.ActiveCfg = Release|Win32
		{C81EA1B3-5083-4F0C-BA1B-3F13618FDBED}.Release|x86.Build.0 = Release|Win32
	EndGlobalSection
	GlobalSection(SolutionProperties) = preSolution
		HideSolutionNode = FALSE
	EndGlobalSection
	GlobalSection(ExtensibilityGlobals) = postSolution
		SolutionGuid = {DDC8786F-8103-4978-84AD-1B3183E2B4F6}
	EndGlobalSection
EndGlobal
